github.com/buraksezer/consistent v0.9.0 h1:Zfs6bX62wbP3QlbPGKUhqDw7SmNkOzY5bHZIYXYpR5g=
github.com/buraksezer/consistent v0.9.0/go.mod h1:6BrVajWq7wbKZlTOUPs/XVfR8c0maujuPowduSpZqmw=
github.com/klauspost/cpuid/v2 v2.0.9 h1:lgaqFMSdTdQYdZ04uHyN2d/eKdOMyi2YLSvlQIBFYa4=
github.com/klauspost/cpuid/v2 v2.0.9/go.mod h1:FInQzS24/EEf25PyTYn52gqo7WaD8xa0213Md/qVLRg=
github.com/wangjohn/quickselect v0.0.0-20161129230411-ed8402a42d5f h1:9DDCDwOyEy/gId+IEMrFHLuQ5R/WV0KNxWLler8X2OY=
github.com/wangjohn/quickselect v0.0.0-20161129230411-ed8402a42d5f/go.mod h1:8sdOQnirw1PrcnTJYkmW1iOHtUmblMmGdUOHyWYycLI=
github.com/zeebo/xxh3 v1.0.1 h1:FMSRIbkrLikb/0hZxmltpg84VkqDAT5M8ufXynuhXsI=
github.com/zeebo/xxh3 v1.0.1/go.mod h1:8VHV24/3AZLn3b6Mlp/KuC33LWH687Wq6EnziEB+rsA=
